
Microsoft Visual Studio Solution File, Format Version 12.00
# Visual Studio Version 17
VisualStudioVersion = 17.14.36212.18 d17.14
MinimumVisualStudioVersion = 10.0.40219.1
Project("{FAE04EC0-301F-11D3-BF4B-00C04F79EFBC}") = "ConsoleApp19", "ConsoleApp19\ConsoleApp19.csproj", "{C806458F-99DC-4B64-B9AC-A882E5A923C8}"
EndProject
Global
	GlobalSection(SolutionConfigurationPlatforms) = preSolution
		Debug|Any CPU = Debug|Any CPU
		Release|Any CPU = Release|Any CPU
	EndGlobalSection
	GlobalSection(ProjectConfigurationPlatforms) = postSolution
		{C806458F-99DC-4B64-B9AC-A882E5A923C8}.Debug|Any CPU.ActiveCfg = Debug|Any CPU
		{C806458F-99DC-4B64-B9AC-A882E5A923C8}.Debug|Any CPU.Build.0 = Debug|Any CPU
		{C806458F-99DC-4B64-B9AC-A882E5A923C8}.Release|Any CPU.ActiveCfg = Release|Any CPU
		{C806458F-99DC-4B64-B9AC-A882E5A923C8}.Release|Any CPU.Build.0 = Release|Any CPU
	EndGlobalSection
	GlobalSection(SolutionProperties) = preSolution
		HideSolutionNode = FALSE
	EndGlobalSection
	GlobalSection(ExtensibilityGlobals) = postSolution
		SolutionGuid = {3A772EF9-358E-4E5D-ABE7-DAB96274F4C2}
	EndGlobalSection
EndGlobal
