
Microsoft Visual Studio Solution File, Format Version 12.00
# Visual Studio Version 17
VisualStudioVersion = 17.14.36212.18 d17.14
MinimumVisualStudioVersion = 10.0.40219.1
Project("{FAE04EC0-301F-11D3-BF4B-00C04F79EFBC}") = "ConsoleApp18", "ConsoleApp18\ConsoleApp18.csproj", "{2AA368CC-0152-4345-A43B-B6698CC1708A}"
EndProject
Global
	GlobalSection(SolutionConfigurationPlatforms) = preSolution
		Debug|Any CPU = Debug|Any CPU
		Release|Any CPU = Release|Any CPU
	EndGlobalSection
	GlobalSection(ProjectConfigurationPlatforms) = postSolution
		{2AA368CC-0152-4345-A43B-B6698CC1708A}.Debug|Any CPU.ActiveCfg = Debug|Any CPU
		{2AA368CC-0152-4345-A43B-B6698CC1708A}.Debug|Any CPU.Build.0 = Debug|Any CPU
		{2AA368CC-0152-4345-A43B-B6698CC1708A}.Release|Any CPU.ActiveCfg = Release|Any CPU
		{2AA368CC-0152-4345-A43B-B6698CC1708A}.Release|Any CPU.Build.0 = Release|Any CPU
	EndGlobalSection
	GlobalSection(SolutionProperties) = preSolution
		HideSolutionNode = FALSE
	EndGlobalSection
	GlobalSection(ExtensibilityGlobals) = postSolution
		SolutionGuid = {57721CC7-1620-4A57-A28A-CE778BAD1EDA}
	EndGlobalSection
EndGlobal
