
Microsoft Visual Studio Solution File, Format Version 12.00
# Visual Studio Version 17
VisualStudioVersion = 17.14.36212.18 d17.14
MinimumVisualStudioVersion = 10.0.40219.1
Project("{FAE04EC0-301F-11D3-BF4B-00C04F79EFBC}") = "ConsoleApp7", "ConsoleApp7\ConsoleApp7.csproj", "{F3F4E20B-B31C-4615-847C-4B3AA5A22720}"
EndProject
Global
	GlobalSection(SolutionConfigurationPlatforms) = preSolution
		Debug|Any CPU = Debug|Any CPU
		Release|Any CPU = Release|Any CPU
	EndGlobalSection
	GlobalSection(ProjectConfigurationPlatforms) = postSolution
		{F3F4E20B-B31C-4615-847C-4B3AA5A22720}.Debug|Any CPU.ActiveCfg = Debug|Any CPU
		{F3F4E20B-B31C-4615-847C-4B3AA5A22720}.Debug|Any CPU.Build.0 = Debug|Any CPU
		{F3F4E20B-B31C-4615-847C-4B3AA5A22720}.Release|Any CPU.ActiveCfg = Release|Any CPU
		{F3F4E20B-B31C-4615-847C-4B3AA5A22720}.Release|Any CPU.Build.0 = Release|Any CPU
	EndGlobalSection
	GlobalSection(SolutionProperties) = preSolution
		HideSolutionNode = FALSE
	EndGlobalSection
	GlobalSection(ExtensibilityGlobals) = postSolution
		SolutionGuid = {3B001865-AD63-4BC7-A01C-6DB08BB6A0F6}
	EndGlobalSection
EndGlobal
